// !$*UTF8*$!
{
	archiveVersion = 1;
	classes = {
	};
	objectVersion = 48;
	objects = {

/* Begin PBXBuildFile section */
		1F036BBD20EFB66C00A770B5 /* STHeitiSC-Light.ttf in Resources */ = {isa = PBXBuildFile; fileRef = 1FDAA01520EFA4FC0048BF10 /* STHeitiSC-Light.ttf */; };
		1F036BBE20EFB73E00A770B5 /* STHeitiSC-Light.ttf in Resources */ = {isa = PBXBuildFile; fileRef = 1FDAA01520EFA4FC0048BF10 /* STHeitiSC-Light.ttf */; };
		1F036BC220EFB8A800A770B5 /* Alamofire.framework in Frameworks */ = {isa = PBXBuildFile; fileRef = 1FDAA02320EFAA420048BF10 /* Alamofire.framework */; };
		1F036BC520EFCC0200A770B5 /* AsyncFetchNEO.swift in Sources */ = {isa = PBXBuildFile; fileRef = 1F036BC420EFCC0200A770B5 /* AsyncFetchNEO.swift */; };
		1F036BC820EFCC7B00A770B5 /* AsyncFetchETH.swift in Sources */ = {isa = PBXBuildFile; fileRef = 1F036BC720EFCC7B00A770B5 /* AsyncFetchETH.swift */; };
		1F036BCA20EFCCBC00A770B5 /* AsyncFetchBTC.swift in Sources */ = {isa = PBXBuildFile; fileRef = 1F036BC920EFCCBC00A770B5 /* AsyncFetchBTC.swift */; };
		1F036BCC20EFCCEB00A770B5 /* AsyncFetchLTC.swift in Sources */ = {isa = PBXBuildFile; fileRef = 1F036BCB20EFCCEB00A770B5 /* AsyncFetchLTC.swift */; };
		1F036BCE20EFCD2A00A770B5 /* AsyncFetchBNB.swift in Sources */ = {isa = PBXBuildFile; fileRef = 1F036BCD20EFCD2A00A770B5 /* AsyncFetchBNB.swift */; };
		1F036BD020EFCD7E00A770B5 /* AsyncFetchXRP.swift in Sources */ = {isa = PBXBuildFile; fileRef = 1F036BCF20EFCD7E00A770B5 /* AsyncFetchXRP.swift */; };
		1F036BD320EFD57200A770B5 /* AsyncFetchCurrency.swift in Sources */ = {isa = PBXBuildFile; fileRef = 1F036BD220EFD57200A770B5 /* AsyncFetchCurrency.swift */; };
		1F806A6A20FDFB3E0050722C /* Lottie.framework in Frameworks */ = {isa = PBXBuildFile; fileRef = 1F806A6520FDFB370050722C /* Lottie.framework */; };
		1F806A6B20FDFB3E0050722C /* Lottie.framework in Embed Frameworks */ = {isa = PBXBuildFile; fileRef = 1F806A6520FDFB370050722C /* Lottie.framework */; settings = {ATTRIBUTES = (CodeSignOnCopy, RemoveHeadersOnCopy, ); }; };
		1FB369F520EFAFF900564F18 /* Timeout.swift in Sources */ = {isa = PBXBuildFile; fileRef = 1FB369F420EFAFF900564F18 /* Timeout.swift */; };
		1FB369FA20EFB2AC00564F18 /* STHeitiSC-Medium.ttf in Resources */ = {isa = PBXBuildFile; fileRef = 1FDAA01620EFA4FD0048BF10 /* STHeitiSC-Medium.ttf */; };
		1FB369FB20EFB2AD00564F18 /* STHeitiSC-Medium.ttf in Resources */ = {isa = PBXBuildFile; fileRef = 1FDAA01620EFA4FD0048BF10 /* STHeitiSC-Medium.ttf */; };
		1FDAA03020EFAB860048BF10 /* Alamofire.framework in Frameworks */ = {isa = PBXBuildFile; fileRef = 1FDAA02320EFAA420048BF10 /* Alamofire.framework */; };
		1FDAA03120EFAB860048BF10 /* Alamofire.framework in Embed Frameworks */ = {isa = PBXBuildFile; fileRef = 1FDAA02320EFAA420048BF10 /* Alamofire.framework */; settings = {ATTRIBUTES = (CodeSignOnCopy, RemoveHeadersOnCopy, ); }; };
		1FE140CD20DFDA22007AA5BE /* Cell.swift in Sources */ = {isa = PBXBuildFile; fileRef = 1FE140CC20DFDA22007AA5BE /* Cell.swift */; };
		910A81931FA4DC75001F868A /* AppDelegate.swift in Sources */ = {isa = PBXBuildFile; fileRef = 910A81921FA4DC75001F868A /* AppDelegate.swift */; };
		910A81951FA4DC75001F868A /* ViewController.swift in Sources */ = {isa = PBXBuildFile; fileRef = 910A81941FA4DC75001F868A /* ViewController.swift */; };
		910A81971FA4DC75001F868A /* SecondViewController.swift in Sources */ = {isa = PBXBuildFile; fileRef = 910A81961FA4DC75001F868A /* SecondViewController.swift */; };
		910A819A1FA4DC75001F868A /* Main.storyboard in Resources */ = {isa = PBXBuildFile; fileRef = 910A81981FA4DC75001F868A /* Main.storyboard */; };
		910A819C1FA4DC75001F868A /* Assets.xcassets in Resources */ = {isa = PBXBuildFile; fileRef = 910A819B1FA4DC75001F868A /* Assets.xcassets */; };
		910A819F1FA4DC75001F868A /* LaunchScreen.storyboard in Resources */ = {isa = PBXBuildFile; fileRef = 910A819D1FA4DC75001F868A /* LaunchScreen.storyboard */; };
		910B0D141FF6FC0D0028E76C /* structs.swift in Sources */ = {isa = PBXBuildFile; fileRef = 919B5CB71FF4A67500F2D917 /* structs.swift */; };
		910B0D161FF735950028E76C /* 1.json in Resources */ = {isa = PBXBuildFile; fileRef = 910B0D151FF735950028E76C /* 1.json */; };
		910B0D1B1FF735AF0028E76C /* add1.json in Resources */ = {isa = PBXBuildFile; fileRef = 910B0D171FF735AE0028E76C /* add1.json */; };
		910B0D1C1FF735AF0028E76C /* add2.json in Resources */ = {isa = PBXBuildFile; fileRef = 910B0D181FF735AF0028E76C /* add2.json */; };
		910B0D211FF735B90028E76C /* top2old.json in Resources */ = {isa = PBXBuildFile; fileRef = 910B0D1F1FF735B90028E76C /* top2old.json */; };
		910B0D221FF735B90028E76C /* top1old.json in Resources */ = {isa = PBXBuildFile; fileRef = 910B0D201FF735B90028E76C /* top1old.json */; };
		910F1EF11FF999FA0096F3A9 /* oldCode.swift in Sources */ = {isa = PBXBuildFile; fileRef = 910F1EF01FF999FA0096F3A9 /* oldCode.swift */; };
		9117B06C201959100031337C /* SearchTableViewCell.swift in Sources */ = {isa = PBXBuildFile; fileRef = 9117B06B201959100031337C /* SearchTableViewCell.swift */; };
		9129AD991FF4C97400EF04C0 /* CustomTableViewCell.swift in Sources */ = {isa = PBXBuildFile; fileRef = 9129AD981FF4C97400EF04C0 /* CustomTableViewCell.swift */; };
		91383F1E1FFF1FB00000ECB7 /* connection.swift in Sources */ = {isa = PBXBuildFile; fileRef = 91383F1D1FFF1FB00000ECB7 /* connection.swift */; };
		91383F201FFF39890000ECB7 /* SubTableViewCell.swift in Sources */ = {isa = PBXBuildFile; fileRef = 91383F1F1FFF39890000ECB7 /* SubTableViewCell.swift */; };
		914B4BAA1FC8F7C400968A3E /* NotificationCenter.framework in Frameworks */ = {isa = PBXBuildFile; fileRef = 914B4BA91FC8F7C400968A3E /* NotificationCenter.framework */; };
		914B4BAD1FC8F7C400968A3E /* TodayViewController.swift in Sources */ = {isa = PBXBuildFile; fileRef = 914B4BAC1FC8F7C400968A3E /* TodayViewController.swift */; };
		914B4BB41FC8F7C400968A3E /* Crypto Widget.appex in Embed App Extensions */ = {isa = PBXBuildFile; fileRef = 914B4BA71FC8F7C400968A3E /* Crypto Widget.appex */; settings = {ATTRIBUTES = (RemoveHeadersOnCopy, ); }; };
		914BAE081FEB98F100861C31 /* Assets.xcassets in Resources */ = {isa = PBXBuildFile; fileRef = 910A819B1FA4DC75001F868A /* Assets.xcassets */; };
		9164BB3D203E691000C40F93 /* top2.json in Resources */ = {isa = PBXBuildFile; fileRef = 9164BB3B203E690F00C40F93 /* top2.json */; };
		9164BB3E203E691000C40F93 /* top1.json in Resources */ = {isa = PBXBuildFile; fileRef = 9164BB3C203E690F00C40F93 /* top1.json */; };
		918F08D71FF33D5E0082AC9A /* 4.json in Resources */ = {isa = PBXBuildFile; fileRef = 918F08D31FF33D5E0082AC9A /* 4.json */; };
		918F08D81FF33D5E0082AC9A /* 3.json in Resources */ = {isa = PBXBuildFile; fileRef = 918F08D41FF33D5E0082AC9A /* 3.json */; };
		918F08DA1FF33D5E0082AC9A /* 2.json in Resources */ = {isa = PBXBuildFile; fileRef = 918F08D61FF33D5E0082AC9A /* 2.json */; };
		91A8B8711FF4AE1C002CFF05 /* FirstViewController.swift in Sources */ = {isa = PBXBuildFile; fileRef = 91A8B8701FF4AE1C002CFF05 /* FirstViewController.swift */; };
		91C1FB4E2033E96400F347EF /* SearchViewController.swift in Sources */ = {isa = PBXBuildFile; fileRef = 91C1FB4D2033E96400F347EF /* SearchViewController.swift */; };
		91C7B43C201647EB00EDF5FC /* PriceTableViewCell.swift in Sources */ = {isa = PBXBuildFile; fileRef = 91C7B43B201647EB00EDF5FC /* PriceTableViewCell.swift */; };
		91E10E8B1FE9070300F65228 /* MainInterface.storyboard in Resources */ = {isa = PBXBuildFile; fileRef = 914B4BAE1FC8F7C400968A3E /* MainInterface.storyboard */; };
/* End PBXBuildFile section */

/* Begin PBXContainerItemProxy section */
		1F806A6420FDFB370050722C /* PBXContainerItemProxy */ = {
			isa = PBXContainerItemProxy;
			containerPortal = 1F806A5E20FDFB370050722C /* Lottie.xcodeproj */;
			proxyType = 2;
			remoteGlobalIDString = 62CA59B81E3C173B002D7188;
			remoteInfo = Lottie_iOS;
		};
		1F806A6620FDFB370050722C /* PBXContainerItemProxy */ = {
			isa = PBXContainerItemProxy;
			containerPortal = 1F806A5E20FDFB370050722C /* Lottie.xcodeproj */;
			proxyType = 2;
			remoteGlobalIDString = FAE1F7E61E428CBE002E0974;
			remoteInfo = Lottie_macOS;
		};
		1F806A6820FDFB370050722C /* PBXContainerItemProxy */ = {
			isa = PBXContainerItemProxy;
			containerPortal = 1F806A5E20FDFB370050722C /* Lottie.xcodeproj */;
			proxyType = 2;
			remoteGlobalIDString = 84FE12EF1E4C1485009B157C;
			remoteInfo = LottieLibraryIOS;
		};
		1F806A6C20FDFB3E0050722C /* PBXContainerItemProxy */ = {
			isa = PBXContainerItemProxy;
			containerPortal = 1F806A5E20FDFB370050722C /* Lottie.xcodeproj */;
			proxyType = 1;
			remoteGlobalIDString = 62CA59B71E3C173B002D7188;
			remoteInfo = Lottie_iOS;
		};
		1FDAA02220EFAA420048BF10 /* PBXContainerItemProxy */ = {
			isa = PBXContainerItemProxy;
			containerPortal = 1FDAA01720EFAA410048BF10 /* Alamofire.xcodeproj */;
			proxyType = 2;
			remoteGlobalIDString = F8111E3319A95C8B0040E7D1;
			remoteInfo = "Alamofire iOS";
		};
		1FDAA02420EFAA420048BF10 /* PBXContainerItemProxy */ = {
			isa = PBXContainerItemProxy;
			containerPortal = 1FDAA01720EFAA410048BF10 /* Alamofire.xcodeproj */;
			proxyType = 2;
			remoteGlobalIDString = F8111E3E19A95C8B0040E7D1;
			remoteInfo = "Alamofire iOS Tests";
		};
		1FDAA02620EFAA420048BF10 /* PBXContainerItemProxy */ = {
			isa = PBXContainerItemProxy;
			containerPortal = 1FDAA01720EFAA410048BF10 /* Alamofire.xcodeproj */;
			proxyType = 2;
			remoteGlobalIDString = 4DD67C0B1A5C55C900ED2280;
			remoteInfo = "Alamofire macOS";
		};
		1FDAA02820EFAA420048BF10 /* PBXContainerItemProxy */ = {
			isa = PBXContainerItemProxy;
			containerPortal = 1FDAA01720EFAA410048BF10 /* Alamofire.xcodeproj */;
			proxyType = 2;
			remoteGlobalIDString = F829C6B21A7A94F100A2CD59;
			remoteInfo = "Alamofire macOS Tests";
		};
		1FDAA02A20EFAA420048BF10 /* PBXContainerItemProxy */ = {
			isa = PBXContainerItemProxy;
			containerPortal = 1FDAA01720EFAA410048BF10 /* Alamofire.xcodeproj */;
			proxyType = 2;
			remoteGlobalIDString = 4CF626EF1BA7CB3E0011A099;
			remoteInfo = "Alamofire tvOS";
		};
		1FDAA02C20EFAA420048BF10 /* PBXContainerItemProxy */ = {
			isa = PBXContainerItemProxy;
			containerPortal = 1FDAA01720EFAA410048BF10 /* Alamofire.xcodeproj */;
			proxyType = 2;
			remoteGlobalIDString = 4CF626F81BA7CB3E0011A099;
			remoteInfo = "Alamofire tvOS Tests";
		};
		1FDAA02E20EFAA420048BF10 /* PBXContainerItemProxy */ = {
			isa = PBXContainerItemProxy;
			containerPortal = 1FDAA01720EFAA410048BF10 /* Alamofire.xcodeproj */;
			proxyType = 2;
			remoteGlobalIDString = E4202FE01B667AA100C997FB;
			remoteInfo = "Alamofire watchOS";
		};
		1FDAA03220EFAB860048BF10 /* PBXContainerItemProxy */ = {
			isa = PBXContainerItemProxy;
			containerPortal = 1FDAA01720EFAA410048BF10 /* Alamofire.xcodeproj */;
			proxyType = 1;
			remoteGlobalIDString = F8111E3219A95C8B0040E7D1;
			remoteInfo = "Alamofire iOS";
		};
		914B4BB21FC8F7C400968A3E /* PBXContainerItemProxy */ = {
			isa = PBXContainerItemProxy;
			containerPortal = 910A81871FA4DC75001F868A /* Project object */;
			proxyType = 1;
			remoteGlobalIDString = 914B4BA61FC8F7C400968A3E;
			remoteInfo = "Crypto Widget";
		};
/* End PBXContainerItemProxy section */

/* Begin PBXCopyFilesBuildPhase section */
		914B4BB81FC8F7C400968A3E /* Embed App Extensions */ = {
			isa = PBXCopyFilesBuildPhase;
			buildActionMask = 2147483647;
			dstPath = "";
			dstSubfolderSpec = 13;
			files = (
				914B4BB41FC8F7C400968A3E /* Crypto Widget.appex in Embed App Extensions */,
			);
			name = "Embed App Extensions";
			runOnlyForDeploymentPostprocessing = 0;
		};
		916068FA1FF0E13A001D2761 /* Embed Frameworks */ = {
			isa = PBXCopyFilesBuildPhase;
			buildActionMask = 2147483647;
			dstPath = "";
			dstSubfolderSpec = 10;
			files = (
				1FDAA03120EFAB860048BF10 /* Alamofire.framework in Embed Frameworks */,
				1F806A6B20FDFB3E0050722C /* Lottie.framework in Embed Frameworks */,
			);
			name = "Embed Frameworks";
			runOnlyForDeploymentPostprocessing = 0;
		};
/* End PBXCopyFilesBuildPhase section */

/* Begin PBXFileReference section */
		1F036BC420EFCC0200A770B5 /* AsyncFetchNEO.swift */ = {isa = PBXFileReference; lastKnownFileType = sourcecode.swift; path = AsyncFetchNEO.swift; sourceTree = "<group>"; };
		1F036BC720EFCC7B00A770B5 /* AsyncFetchETH.swift */ = {isa = PBXFileReference; lastKnownFileType = sourcecode.swift; path = AsyncFetchETH.swift; sourceTree = "<group>"; };
		1F036BC920EFCCBC00A770B5 /* AsyncFetchBTC.swift */ = {isa = PBXFileReference; lastKnownFileType = sourcecode.swift; path = AsyncFetchBTC.swift; sourceTree = "<group>"; };
		1F036BCB20EFCCEB00A770B5 /* AsyncFetchLTC.swift */ = {isa = PBXFileReference; lastKnownFileType = sourcecode.swift; path = AsyncFetchLTC.swift; sourceTree = "<group>"; };
		1F036BCD20EFCD2A00A770B5 /* AsyncFetchBNB.swift */ = {isa = PBXFileReference; lastKnownFileType = sourcecode.swift; path = AsyncFetchBNB.swift; sourceTree = "<group>"; };
		1F036BCF20EFCD7E00A770B5 /* AsyncFetchXRP.swift */ = {isa = PBXFileReference; lastKnownFileType = sourcecode.swift; path = AsyncFetchXRP.swift; sourceTree = "<group>"; };
		1F036BD220EFD57200A770B5 /* AsyncFetchCurrency.swift */ = {isa = PBXFileReference; lastKnownFileType = sourcecode.swift; path = AsyncFetchCurrency.swift; sourceTree = "<group>"; };
		1F806A5E20FDFB370050722C /* Lottie.xcodeproj */ = {isa = PBXFileReference; lastKnownFileType = "wrapper.pb-project"; name = Lottie.xcodeproj; path = "lottie-ios-2.1.5/Lottie.xcodeproj"; sourceTree = "<group>"; };
		1FB369F420EFAFF900564F18 /* Timeout.swift */ = {isa = PBXFileReference; lastKnownFileType = sourcecode.swift; path = Timeout.swift; sourceTree = "<group>"; };
		1FD1E03720F0BB59005AB7FF /* MyPlayground.playground */ = {isa = PBXFileReference; lastKnownFileType = file.playground; name = MyPlayground.playground; path = ../../../Desktop/MyPlayground.playground; sourceTree = "<group>"; xcLanguageSpecificationIdentifier = xcode.lang.swift; };
		1FDAA01520EFA4FC0048BF10 /* STHeitiSC-Light.ttf */ = {isa = PBXFileReference; lastKnownFileType = file; path = "STHeitiSC-Light.ttf"; sourceTree = "<group>"; };
		1FDAA01620EFA4FD0048BF10 /* STHeitiSC-Medium.ttf */ = {isa = PBXFileReference; lastKnownFileType = file; path = "STHeitiSC-Medium.ttf"; sourceTree = "<group>"; };
		1FDAA01720EFAA410048BF10 /* Alamofire.xcodeproj */ = {isa = PBXFileReference; lastKnownFileType = "wrapper.pb-project"; name = Alamofire.xcodeproj; path = Alamofire/Alamofire.xcodeproj; sourceTree = "<group>"; };
		1FE140CC20DFDA22007AA5BE /* Cell.swift */ = {isa = PBXFileReference; lastKnownFileType = sourcecode.swift; path = Cell.swift; sourceTree = "<group>"; };
		910A818F1FA4DC75001F868A /* Crypto.app */ = {isa = PBXFileReference; explicitFileType = wrapper.application; includeInIndex = 0; path = Crypto.app; sourceTree = BUILT_PRODUCTS_DIR; };
		910A81921FA4DC75001F868A /* AppDelegate.swift */ = {isa = PBXFileReference; lastKnownFileType = sourcecode.swift; path = AppDelegate.swift; sourceTree = "<group>"; };
		910A81941FA4DC75001F868A /* ViewController.swift */ = {isa = PBXFileReference; lastKnownFileType = sourcecode.swift; path = ViewController.swift; sourceTree = "<group>"; };
		910A81961FA4DC75001F868A /* SecondViewController.swift */ = {isa = PBXFileReference; lastKnownFileType = sourcecode.swift; path = SecondViewController.swift; sourceTree = "<group>"; };
		910A81991FA4DC75001F868A /* Base */ = {isa = PBXFileReference; lastKnownFileType = file.storyboard; name = Base; path = Base.lproj/Main.storyboard; sourceTree = "<group>"; };
		910A819B1FA4DC75001F868A /* Assets.xcassets */ = {isa = PBXFileReference; lastKnownFileType = folder.assetcatalog; path = Assets.xcassets; sourceTree = "<group>"; };
		910A819E1FA4DC75001F868A /* Base */ = {isa = PBXFileReference; lastKnownFileType = file.storyboard; name = Base; path = Base.lproj/LaunchScreen.storyboard; sourceTree = "<group>"; };
		910A81A01FA4DC75001F868A /* Info.plist */ = {isa = PBXFileReference; lastKnownFileType = text.plist.xml; path = Info.plist; sourceTree = "<group>"; };
		910B0D151FF735950028E76C /* 1.json */ = {isa = PBXFileReference; fileEncoding = 4; lastKnownFileType = text.json; name = 1.json; path = ../../../../../Desktop/local/1.json; sourceTree = "<group>"; };
		910B0D171FF735AE0028E76C /* add1.json */ = {isa = PBXFileReference; fileEncoding = 4; lastKnownFileType = text.json; name = add1.json; path = ../../../../../Desktop/local/add1.json; sourceTree = "<group>"; };
		910B0D181FF735AF0028E76C /* add2.json */ = {isa = PBXFileReference; fileEncoding = 4; lastKnownFileType = text.json; name = add2.json; path = ../../../../../Desktop/local/add2.json; sourceTree = "<group>"; };
		910B0D1F1FF735B90028E76C /* top2old.json */ = {isa = PBXFileReference; fileEncoding = 4; lastKnownFileType = text.json; name = top2old.json; path = ../../../../../Desktop/local/top2old.json; sourceTree = "<group>"; };
		910B0D201FF735B90028E76C /* top1old.json */ = {isa = PBXFileReference; fileEncoding = 4; lastKnownFileType = text.json; name = top1old.json; path = ../../../../../Desktop/local/top1old.json; sourceTree = "<group>"; };
		910F1EF01FF999FA0096F3A9 /* oldCode.swift */ = {isa = PBXFileReference; lastKnownFileType = sourcecode.swift; path = oldCode.swift; sourceTree = "<group>"; };
		9113C0E21FE9EC39005170A4 /* IntentsUI.framework */ = {isa = PBXFileReference; lastKnownFileType = wrapper.framework; name = IntentsUI.framework; path = System/Library/Frameworks/IntentsUI.framework; sourceTree = SDKROOT; };
		9117B06B201959100031337C /* SearchTableViewCell.swift */ = {isa = PBXFileReference; lastKnownFileType = sourcecode.swift; path = SearchTableViewCell.swift; sourceTree = "<group>"; };
		9129AD981FF4C97400EF04C0 /* CustomTableViewCell.swift */ = {isa = PBXFileReference; lastKnownFileType = sourcecode.swift; path = CustomTableViewCell.swift; sourceTree = "<group>"; };
		91383F1D1FFF1FB00000ECB7 /* connection.swift */ = {isa = PBXFileReference; lastKnownFileType = sourcecode.swift; path = connection.swift; sourceTree = "<group>"; };
		91383F1F1FFF39890000ECB7 /* SubTableViewCell.swift */ = {isa = PBXFileReference; lastKnownFileType = sourcecode.swift; path = SubTableViewCell.swift; sourceTree = "<group>"; };
		914B4BA71FC8F7C400968A3E /* Crypto Widget.appex */ = {isa = PBXFileReference; explicitFileType = "wrapper.app-extension"; includeInIndex = 0; path = "Crypto Widget.appex"; sourceTree = BUILT_PRODUCTS_DIR; };
		914B4BA91FC8F7C400968A3E /* NotificationCenter.framework */ = {isa = PBXFileReference; lastKnownFileType = wrapper.framework; name = NotificationCenter.framework; path = System/Library/Frameworks/NotificationCenter.framework; sourceTree = SDKROOT; };
		914B4BAC1FC8F7C400968A3E /* TodayViewController.swift */ = {isa = PBXFileReference; lastKnownFileType = sourcecode.swift; path = TodayViewController.swift; sourceTree = "<group>"; };
		914B4BAF1FC8F7C400968A3E /* Base */ = {isa = PBXFileReference; lastKnownFileType = file.storyboard; name = Base; path = Base.lproj/MainInterface.storyboard; sourceTree = "<group>"; };
		914B4BB11FC8F7C400968A3E /* Info.plist */ = {isa = PBXFileReference; lastKnownFileType = text.plist.xml; path = Info.plist; sourceTree = "<group>"; };
		9164BB3B203E690F00C40F93 /* top2.json */ = {isa = PBXFileReference; fileEncoding = 4; lastKnownFileType = text.json; name = top2.json; path = ../../../../../Desktop/local/old/top2.json; sourceTree = "<group>"; };
		9164BB3C203E690F00C40F93 /* top1.json */ = {isa = PBXFileReference; fileEncoding = 4; lastKnownFileType = text.json; name = top1.json; path = ../../../../../Desktop/local/old/top1.json; sourceTree = "<group>"; };
		918F08D31FF33D5E0082AC9A /* 4.json */ = {isa = PBXFileReference; fileEncoding = 4; lastKnownFileType = text.json; path = 4.json; sourceTree = "<group>"; };
		918F08D41FF33D5E0082AC9A /* 3.json */ = {isa = PBXFileReference; fileEncoding = 4; lastKnownFileType = text.json; path = 3.json; sourceTree = "<group>"; };
		918F08D61FF33D5E0082AC9A /* 2.json */ = {isa = PBXFileReference; fileEncoding = 4; lastKnownFileType = text.json; path = 2.json; sourceTree = "<group>"; };
		919B5CB71FF4A67500F2D917 /* structs.swift */ = {isa = PBXFileReference; lastKnownFileType = sourcecode.swift; path = structs.swift; sourceTree = "<group>"; };
		91A8B8701FF4AE1C002CFF05 /* FirstViewController.swift */ = {isa = PBXFileReference; lastKnownFileType = sourcecode.swift; path = FirstViewController.swift; sourceTree = "<group>"; };
		91C1FB4D2033E96400F347EF /* SearchViewController.swift */ = {isa = PBXFileReference; lastKnownFileType = sourcecode.swift; path = SearchViewController.swift; sourceTree = "<group>"; };
		91C7B43B201647EB00EDF5FC /* PriceTableViewCell.swift */ = {isa = PBXFileReference; lastKnownFileType = sourcecode.swift; path = PriceTableViewCell.swift; sourceTree = "<group>"; };
		91E10E851FE8C36C00F65228 /* Crypto.entitlements */ = {isa = PBXFileReference; lastKnownFileType = text.plist.entitlements; path = Crypto.entitlements; sourceTree = "<group>"; };
		91E10E861FE8C3BF00F65228 /* Crypto Widget.entitlements */ = {isa = PBXFileReference; lastKnownFileType = text.plist.entitlements; path = "Crypto Widget.entitlements"; sourceTree = "<group>"; };
/* End PBXFileReference section */

/* Begin PBXFrameworksBuildPhase section */
		910A818C1FA4DC75001F868A /* Frameworks */ = {
			isa = PBXFrameworksBuildPhase;
			buildActionMask = 2147483647;
			files = (
				1FDAA03020EFAB860048BF10 /* Alamofire.framework in Frameworks */,
				1F806A6A20FDFB3E0050722C /* Lottie.framework in Frameworks */,
			);
			runOnlyForDeploymentPostprocessing = 0;
		};
		914B4BA41FC8F7C400968A3E /* Frameworks */ = {
			isa = PBXFrameworksBuildPhase;
			buildActionMask = 2147483647;
			files = (
				1F036BC220EFB8A800A770B5 /* Alamofire.framework in Frameworks */,
				914B4BAA1FC8F7C400968A3E /* NotificationCenter.framework in Frameworks */,
			);
			runOnlyForDeploymentPostprocessing = 0;
		};
/* End PBXFrameworksBuildPhase section */

/* Begin PBXGroup section */
		1F036BC620EFCC4C00A770B5 /* AsyncFetch */ = {
			isa = PBXGroup;
			children = (
				1F036BC420EFCC0200A770B5 /* AsyncFetchNEO.swift */,
				1F036BD220EFD57200A770B5 /* AsyncFetchCurrency.swift */,
				1F036BC720EFCC7B00A770B5 /* AsyncFetchETH.swift */,
				1F036BC920EFCCBC00A770B5 /* AsyncFetchBTC.swift */,
				1F036BCB20EFCCEB00A770B5 /* AsyncFetchLTC.swift */,
				1F036BCF20EFCD7E00A770B5 /* AsyncFetchXRP.swift */,
				1F036BCD20EFCD2A00A770B5 /* AsyncFetchBNB.swift */,
				91383F1D1FFF1FB00000ECB7 /* connection.swift */,
				1FB369F420EFAFF900564F18 /* Timeout.swift */,
			);
			path = AsyncFetch;
			sourceTree = "<group>";
		};
		1F036BD120EFD51A00A770B5 /* CustomCells */ = {
			isa = PBXGroup;
			children = (
				9117B06B201959100031337C /* SearchTableViewCell.swift */,
				91C7B43B201647EB00EDF5FC /* PriceTableViewCell.swift */,
				9129AD981FF4C97400EF04C0 /* CustomTableViewCell.swift */,
				91383F1F1FFF39890000ECB7 /* SubTableViewCell.swift */,
			);
			path = CustomCells;
			sourceTree = "<group>";
		};
		1F806A5F20FDFB370050722C /* Products */ = {
			isa = PBXGroup;
			children = (
				1F806A6520FDFB370050722C /* Lottie.framework */,
				1F806A6720FDFB370050722C /* Lottie.framework */,
				1F806A6920FDFB370050722C /* libLottie.a */,
			);
			name = Products;
			sourceTree = "<group>";
		};
		1FDAA01820EFAA410048BF10 /* Products */ = {
			isa = PBXGroup;
			children = (
				1FDAA02320EFAA420048BF10 /* Alamofire.framework */,
				1FDAA02520EFAA420048BF10 /* Alamofire iOS Tests.xctest */,
				1FDAA02720EFAA420048BF10 /* Alamofire.framework */,
				1FDAA02920EFAA420048BF10 /* Alamofire macOS Tests.xctest */,
				1FDAA02B20EFAA420048BF10 /* Alamofire.framework */,
				1FDAA02D20EFAA420048BF10 /* Alamofire tvOS Tests.xctest */,
				1FDAA02F20EFAA420048BF10 /* Alamofire.framework */,
			);
			name = Products;
			sourceTree = "<group>";
		};
		910A81861FA4DC75001F868A = {
			isa = PBXGroup;
			children = (
				1F806A5E20FDFB370050722C /* Lottie.xcodeproj */,
				1FD1E03720F0BB59005AB7FF /* MyPlayground.playground */,
				1FDAA01720EFAA410048BF10 /* Alamofire.xcodeproj */,
				910A81911FA4DC75001F868A /* Crypto */,
				914B4BAB1FC8F7C400968A3E /* Crypto Widget */,
				914B4BA81FC8F7C400968A3E /* Frameworks */,
				910A81901FA4DC75001F868A /* Products */,
			);
			sourceTree = "<group>";
		};
		910A81901FA4DC75001F868A /* Products */ = {
			isa = PBXGroup;
			children = (
				910A818F1FA4DC75001F868A /* Crypto.app */,
				914B4BA71FC8F7C400968A3E /* Crypto Widget.appex */,
			);
			name = Products;
			sourceTree = "<group>";
		};
		910A81911FA4DC75001F868A /* Crypto */ = {
			isa = PBXGroup;
			children = (
				91E10E851FE8C36C00F65228 /* Crypto.entitlements */,
				910A81941FA4DC75001F868A /* ViewController.swift */,
				91A8B8701FF4AE1C002CFF05 /* FirstViewController.swift */,
				910A81961FA4DC75001F868A /* SecondViewController.swift */,
				910A81981FA4DC75001F868A /* Main.storyboard */,
				910A81A01FA4DC75001F868A /* Info.plist */,
				910A819B1FA4DC75001F868A /* Assets.xcassets */,
				918F08D21FF33CEA0082AC9A /* others */,
			);
			path = Crypto;
			sourceTree = "<group>";
		};
		914B4BA81FC8F7C400968A3E /* Frameworks */ = {
			isa = PBXGroup;
			children = (
				914B4BA91FC8F7C400968A3E /* NotificationCenter.framework */,
				9113C0E21FE9EC39005170A4 /* IntentsUI.framework */,
			);
			name = Frameworks;
			sourceTree = "<group>";
		};
		914B4BAB1FC8F7C400968A3E /* Crypto Widget */ = {
			isa = PBXGroup;
			children = (
				91E10E861FE8C3BF00F65228 /* Crypto Widget.entitlements */,
				914B4BAC1FC8F7C400968A3E /* TodayViewController.swift */,
				914B4BAE1FC8F7C400968A3E /* MainInterface.storyboard */,
				914B4BB11FC8F7C400968A3E /* Info.plist */,
			);
			path = "Crypto Widget";
			sourceTree = "<group>";
		};
		918F08D21FF33CEA0082AC9A /* others */ = {
			isa = PBXGroup;
			children = (
				1F036BC620EFCC4C00A770B5 /* AsyncFetch */,
				1F036BD120EFD51A00A770B5 /* CustomCells */,
				91C1FB4D2033E96400F347EF /* SearchViewController.swift */,
				919B5CB71FF4A67500F2D917 /* structs.swift */,
				1FE140CC20DFDA22007AA5BE /* Cell.swift */,
				910F1EF01FF999FA0096F3A9 /* oldCode.swift */,
				910A81921FA4DC75001F868A /* AppDelegate.swift */,
				910A819D1FA4DC75001F868A /* LaunchScreen.storyboard */,
				910B0D151FF735950028E76C /* 1.json */,
				918F08D61FF33D5E0082AC9A /* 2.json */,
				918F08D41FF33D5E0082AC9A /* 3.json */,
				918F08D31FF33D5E0082AC9A /* 4.json */,
				910B0D171FF735AE0028E76C /* add1.json */,
				910B0D181FF735AF0028E76C /* add2.json */,
				1FDAA01520EFA4FC0048BF10 /* STHeitiSC-Light.ttf */,
				1FDAA01620EFA4FD0048BF10 /* STHeitiSC-Medium.ttf */,
				910B0D201FF735B90028E76C /* top1old.json */,
				910B0D1F1FF735B90028E76C /* top2old.json */,
				9164BB3C203E690F00C40F93 /* top1.json */,
				9164BB3B203E690F00C40F93 /* top2.json */,
			);
			path = others;
			sourceTree = "<group>";
		};
/* End PBXGroup section */

/* Begin PBXNativeTarget section */
		910A818E1FA4DC75001F868A /* Crypto */ = {
			isa = PBXNativeTarget;
			buildConfigurationList = 910A81A31FA4DC75001F868A /* Build configuration list for PBXNativeTarget "Crypto" */;
			buildPhases = (
				910A818B1FA4DC75001F868A /* Sources */,
				910A818C1FA4DC75001F868A /* Frameworks */,
				910A818D1FA4DC75001F868A /* Resources */,
				914B4BB81FC8F7C400968A3E /* Embed App Extensions */,
				916068FA1FF0E13A001D2761 /* Embed Frameworks */,
			);
			buildRules = (
			);
			dependencies = (
				914B4BB31FC8F7C400968A3E /* PBXTargetDependency */,
				1FDAA03320EFAB860048BF10 /* PBXTargetDependency */,
				1F806A6D20FDFB3E0050722C /* PBXTargetDependency */,
			);
			name = Crypto;
			productName = Kucoin;
			productReference = 910A818F1FA4DC75001F868A /* Crypto.app */;
			productType = "com.apple.product-type.application";
		};
		914B4BA61FC8F7C400968A3E /* Crypto Widget */ = {
			isa = PBXNativeTarget;
			buildConfigurationList = 914B4BB71FC8F7C400968A3E /* Build configuration list for PBXNativeTarget "Crypto Widget" */;
			buildPhases = (
				914B4BA31FC8F7C400968A3E /* Sources */,
				914B4BA41FC8F7C400968A3E /* Frameworks */,
				914B4BA51FC8F7C400968A3E /* Resources */,
			);
			buildRules = (
			);
			dependencies = (
			);
			name = "Crypto Widget";
			productName = "Crypto Widget";
			productReference = 914B4BA71FC8F7C400968A3E /* Crypto Widget.appex */;
			productType = "com.apple.product-type.app-extension";
		};
/* End PBXNativeTarget section */

/* Begin PBXProject section */
		910A81871FA4DC75001F868A /* Project object */ = {
			isa = PBXProject;
			attributes = {
				LastSwiftUpdateCheck = 0900;
				LastUpgradeCheck = 0930;
				ORGANIZATIONNAME = "Robert Alexander";
				TargetAttributes = {
					910A818E1FA4DC75001F868A = {
						CreatedOnToolsVersion = 9.0;
						LastSwiftMigration = 1000;
						ProvisioningStyle = Automatic;
						SystemCapabilities = {
							com.apple.ApplicationGroups.iOS = {
								enabled = 1;
							};
							com.apple.Siri = {
								enabled = 0;
							};
						};
					};
					914B4BA61FC8F7C400968A3E = {
						CreatedOnToolsVersion = 9.0;
						LastSwiftMigration = 1000;
						ProvisioningStyle = Automatic;
						SystemCapabilities = {
							com.apple.ApplicationGroups.iOS = {
								enabled = 1;
							};
						};
					};
				};
			};
			buildConfigurationList = 910A818A1FA4DC75001F868A /* Build configuration list for PBXProject "Crypto" */;
			compatibilityVersion = "Xcode 8.0";
			developmentRegion = en;
			hasScannedForEncodings = 0;
			knownRegions = (
				en,
				Base,
			);
			mainGroup = 910A81861FA4DC75001F868A;
			productRefGroup = 910A81901FA4DC75001F868A /* Products */;
			projectDirPath = "";
			projectReferences = (
				{
					ProductGroup = 1FDAA01820EFAA410048BF10 /* Products */;
					ProjectRef = 1FDAA01720EFAA410048BF10 /* Alamofire.xcodeproj */;
				},
				{
					ProductGroup = 1F806A5F20FDFB370050722C /* Products */;
					ProjectRef = 1F806A5E20FDFB370050722C /* Lottie.xcodeproj */;
				},
			);
			projectRoot = "";
			targets = (
				910A818E1FA4DC75001F868A /* Crypto */,
				914B4BA61FC8F7C400968A3E /* Crypto Widget */,
			);
		};
/* End PBXProject section */

/* Begin PBXReferenceProxy section */
		1F806A6520FDFB370050722C /* Lottie.framework */ = {
			isa = PBXReferenceProxy;
			fileType = wrapper.framework;
			path = Lottie.framework;
			remoteRef = 1F806A6420FDFB370050722C /* PBXContainerItemProxy */;
			sourceTree = BUILT_PRODUCTS_DIR;
		};
		1F806A6720FDFB370050722C /* Lottie.framework */ = {
			isa = PBXReferenceProxy;
			fileType = wrapper.framework;
			path = Lottie.framework;
			remoteRef = 1F806A6620FDFB370050722C /* PBXContainerItemProxy */;
			sourceTree = BUILT_PRODUCTS_DIR;
		};
		1F806A6920FDFB370050722C /* libLottie.a */ = {
			isa = PBXReferenceProxy;
			fileType = archive.ar;
			path = libLottie.a;
			remoteRef = 1F806A6820FDFB370050722C /* PBXContainerItemProxy */;
			sourceTree = BUILT_PRODUCTS_DIR;
		};
		1FDAA02320EFAA420048BF10 /* Alamofire.framework */ = {
			isa = PBXReferenceProxy;
			fileType = wrapper.framework;
			path = Alamofire.framework;
			remoteRef = 1FDAA02220EFAA420048BF10 /* PBXContainerItemProxy */;
			sourceTree = BUILT_PRODUCTS_DIR;
		};
		1FDAA02520EFAA420048BF10 /* Alamofire iOS Tests.xctest */ = {
			isa = PBXReferenceProxy;
			fileType = wrapper.cfbundle;
			path = "Alamofire iOS Tests.xctest";
			remoteRef = 1FDAA02420EFAA420048BF10 /* PBXContainerItemProxy */;
			sourceTree = BUILT_PRODUCTS_DIR;
		};
		1FDAA02720EFAA420048BF10 /* Alamofire.framework */ = {
			isa = PBXReferenceProxy;
			fileType = wrapper.framework;
			path = Alamofire.framework;
			remoteRef = 1FDAA02620EFAA420048BF10 /* PBXContainerItemProxy */;
			sourceTree = BUILT_PRODUCTS_DIR;
		};
		1FDAA02920EFAA420048BF10 /* Alamofire macOS Tests.xctest */ = {
			isa = PBXReferenceProxy;
			fileType = wrapper.cfbundle;
			path = "Alamofire macOS Tests.xctest";
			remoteRef = 1FDAA02820EFAA420048BF10 /* PBXContainerItemProxy */;
			sourceTree = BUILT_PRODUCTS_DIR;
		};
		1FDAA02B20EFAA420048BF10 /* Alamofire.framework */ = {
			isa = PBXReferenceProxy;
			fileType = wrapper.framework;
			path = Alamofire.framework;
			remoteRef = 1FDAA02A20EFAA420048BF10 /* PBXContainerItemProxy */;
			sourceTree = BUILT_PRODUCTS_DIR;
		};
		1FDAA02D20EFAA420048BF10 /* Alamofire tvOS Tests.xctest */ = {
			isa = PBXReferenceProxy;
			fileType = wrapper.cfbundle;
			path = "Alamofire tvOS Tests.xctest";
			remoteRef = 1FDAA02C20EFAA420048BF10 /* PBXContainerItemProxy */;
			sourceTree = BUILT_PRODUCTS_DIR;
		};
		1FDAA02F20EFAA420048BF10 /* Alamofire.framework */ = {
			isa = PBXReferenceProxy;
			fileType = wrapper.framework;
			path = Alamofire.framework;
			remoteRef = 1FDAA02E20EFAA420048BF10 /* PBXContainerItemProxy */;
			sourceTree = BUILT_PRODUCTS_DIR;
		};
/* End PBXReferenceProxy section */

/* Begin PBXResourcesBuildPhase section */
		910A818D1FA4DC75001F868A /* Resources */ = {
			isa = PBXResourcesBuildPhase;
			buildActionMask = 2147483647;
			files = (
				910A819C1FA4DC75001F868A /* Assets.xcassets in Resources */,
				910B0D1B1FF735AF0028E76C /* add1.json in Resources */,
				1FB369FA20EFB2AC00564F18 /* STHeitiSC-Medium.ttf in Resources */,
				918F08D81FF33D5E0082AC9A /* 3.json in Resources */,
				1F036BBE20EFB73E00A770B5 /* STHeitiSC-Light.ttf in Resources */,
				9164BB3D203E691000C40F93 /* top2.json in Resources */,
				910B0D221FF735B90028E76C /* top1old.json in Resources */,
				918F08DA1FF33D5E0082AC9A /* 2.json in Resources */,
				9164BB3E203E691000C40F93 /* top1.json in Resources */,
				910B0D161FF735950028E76C /* 1.json in Resources */,
				918F08D71FF33D5E0082AC9A /* 4.json in Resources */,
				910B0D211FF735B90028E76C /* top2old.json in Resources */,
				910B0D1C1FF735AF0028E76C /* add2.json in Resources */,
				910A819F1FA4DC75001F868A /* LaunchScreen.storyboard in Resources */,
				910A819A1FA4DC75001F868A /* Main.storyboard in Resources */,
			);
			runOnlyForDeploymentPostprocessing = 0;
		};
		914B4BA51FC8F7C400968A3E /* Resources */ = {
			isa = PBXResourcesBuildPhase;
			buildActionMask = 2147483647;
			files = (
				1F036BBD20EFB66C00A770B5 /* STHeitiSC-Light.ttf in Resources */,
				914BAE081FEB98F100861C31 /* Assets.xcassets in Resources */,
				1FB369FB20EFB2AD00564F18 /* STHeitiSC-Medium.ttf in Resources */,
				91E10E8B1FE9070300F65228 /* MainInterface.storyboard in Resources */,
			);
			runOnlyForDeploymentPostprocessing = 0;
		};
/* End PBXResourcesBuildPhase section */

/* Begin PBXSourcesBuildPhase section */
		910A818B1FA4DC75001F868A /* Sources */ = {
			isa = PBXSourcesBuildPhase;
			buildActionMask = 2147483647;
			files = (
				9129AD991FF4C97400EF04C0 /* CustomTableViewCell.swift in Sources */,
				1F036BCE20EFCD2A00A770B5 /* AsyncFetchBNB.swift in Sources */,
				1FB369F520EFAFF900564F18 /* Timeout.swift in Sources */,
				91A8B8711FF4AE1C002CFF05 /* FirstViewController.swift in Sources */,
				910B0D141FF6FC0D0028E76C /* structs.swift in Sources */,
				91C7B43C201647EB00EDF5FC /* PriceTableViewCell.swift in Sources */,
				1F036BCC20EFCCEB00A770B5 /* AsyncFetchLTC.swift in Sources */,
				9117B06C201959100031337C /* SearchTableViewCell.swift in Sources */,
				1FE140CD20DFDA22007AA5BE /* Cell.swift in Sources */,
				1F036BD320EFD57200A770B5 /* AsyncFetchCurrency.swift in Sources */,
				1F036BC820EFCC7B00A770B5 /* AsyncFetchETH.swift in Sources */,
				91383F1E1FFF1FB00000ECB7 /* connection.swift in Sources */,
				91C1FB4E2033E96400F347EF /* SearchViewController.swift in Sources */,
				1F036BD020EFCD7E00A770B5 /* AsyncFetchXRP.swift in Sources */,
				910A81971FA4DC75001F868A /* SecondViewController.swift in Sources */,
				910A81931FA4DC75001F868A /* AppDelegate.swift in Sources */,
				910A81951FA4DC75001F868A /* ViewController.swift in Sources */,
				1F036BCA20EFCCBC00A770B5 /* AsyncFetchBTC.swift in Sources */,
				1F036BC520EFCC0200A770B5 /* AsyncFetchNEO.swift in Sources */,
				910F1EF11FF999FA0096F3A9 /* oldCode.swift in Sources */,
				91383F201FFF39890000ECB7 /* SubTableViewCell.swift in Sources */,
			);
			runOnlyForDeploymentPostprocessing = 0;
		};
		914B4BA31FC8F7C400968A3E /* Sources */ = {
			isa = PBXSourcesBuildPhase;
			buildActionMask = 2147483647;
			files = (
				914B4BAD1FC8F7C400968A3E /* TodayViewController.swift in Sources */,
			);
			runOnlyForDeploymentPostprocessing = 0;
		};
/* End PBXSourcesBuildPhase section */

/* Begin PBXTargetDependency section */
		1F806A6D20FDFB3E0050722C /* PBXTargetDependency */ = {
			isa = PBXTargetDependency;
			name = Lottie_iOS;
			targetProxy = 1F806A6C20FDFB3E0050722C /* PBXContainerItemProxy */;
		};
		1FDAA03320EFAB860048BF10 /* PBXTargetDependency */ = {
			isa = PBXTargetDependency;
			name = "Alamofire iOS";
			targetProxy = 1FDAA03220EFAB860048BF10 /* PBXContainerItemProxy */;
		};
		914B4BB31FC8F7C400968A3E /* PBXTargetDependency */ = {
			isa = PBXTargetDependency;
			target = 914B4BA61FC8F7C400968A3E /* Crypto Widget */;
			targetProxy = 914B4BB21FC8F7C400968A3E /* PBXContainerItemProxy */;
		};
/* End PBXTargetDependency section */

/* Begin PBXVariantGroup section */
		910A81981FA4DC75001F868A /* Main.storyboard */ = {
			isa = PBXVariantGroup;
			children = (
				910A81991FA4DC75001F868A /* Base */,
			);
			name = Main.storyboard;
			sourceTree = "<group>";
		};
		910A819D1FA4DC75001F868A /* LaunchScreen.storyboard */ = {
			isa = PBXVariantGroup;
			children = (
				910A819E1FA4DC75001F868A /* Base */,
			);
			name = LaunchScreen.storyboard;
			sourceTree = "<group>";
		};
		914B4BAE1FC8F7C400968A3E /* MainInterface.storyboard */ = {
			isa = PBXVariantGroup;
			children = (
				914B4BAF1FC8F7C400968A3E /* Base */,
			);
			name = MainInterface.storyboard;
			sourceTree = "<group>";
		};
/* End PBXVariantGroup section */

/* Begin XCBuildConfiguration section */
		910A81A11FA4DC75001F868A /* Debug */ = {
			isa = XCBuildConfiguration;
			buildSettings = {
				ALWAYS_SEARCH_USER_PATHS = NO;
				CLANG_ANALYZER_NONNULL = YES;
				CLANG_ANALYZER_NUMBER_OBJECT_CONVERSION = YES_AGGRESSIVE;
				CLANG_CXX_LANGUAGE_STANDARD = "gnu++14";
				CLANG_CXX_LIBRARY = "libc++";
				CLANG_ENABLE_MODULES = YES;
				CLANG_ENABLE_OBJC_ARC = YES;
				CLANG_WARN_BLOCK_CAPTURE_AUTORELEASING = YES;
				CLANG_WARN_BOOL_CONVERSION = YES;
				CLANG_WARN_COMMA = YES;
				CLANG_WARN_CONSTANT_CONVERSION = YES;
				CLANG_WARN_DEPRECATED_OBJC_IMPLEMENTATIONS = YES;
				CLANG_WARN_DIRECT_OBJC_ISA_USAGE = YES_ERROR;
				CLANG_WARN_DOCUMENTATION_COMMENTS = YES;
				CLANG_WARN_EMPTY_BODY = YES;
				CLANG_WARN_ENUM_CONVERSION = YES;
				CLANG_WARN_INFINITE_RECURSION = YES;
				CLANG_WARN_INT_CONVERSION = YES;
				CLANG_WARN_NON_LITERAL_NULL_CONVERSION = YES;
				CLANG_WARN_OBJC_IMPLICIT_RETAIN_SELF = YES;
				CLANG_WARN_OBJC_LITERAL_CONVERSION = YES;
				CLANG_WARN_OBJC_ROOT_CLASS = YES_ERROR;
				CLANG_WARN_RANGE_LOOP_ANALYSIS = YES;
				CLANG_WARN_STRICT_PROTOTYPES = YES;
				CLANG_WARN_SUSPICIOUS_MOVE = YES;
				CLANG_WARN_UNGUARDED_AVAILABILITY = YES_AGGRESSIVE;
				CLANG_WARN_UNREACHABLE_CODE = YES;
				CLANG_WARN__DUPLICATE_METHOD_MATCH = YES;
				CODE_SIGN_IDENTITY = "iPhone Developer";
				COPY_PHASE_STRIP = NO;
				DEBUG_INFORMATION_FORMAT = dwarf;
				ENABLE_STRICT_OBJC_MSGSEND = YES;
				ENABLE_TESTABILITY = YES;
				GCC_C_LANGUAGE_STANDARD = gnu11;
				GCC_DYNAMIC_NO_PIC = NO;
				GCC_NO_COMMON_BLOCKS = YES;
				GCC_OPTIMIZATION_LEVEL = 0;
				GCC_PREPROCESSOR_DEFINITIONS = (
					"DEBUG=1",
					"$(inherited)",
				);
				GCC_WARN_64_TO_32_BIT_CONVERSION = YES;
				GCC_WARN_ABOUT_RETURN_TYPE = YES_ERROR;
				GCC_WARN_UNDECLARED_SELECTOR = YES;
				GCC_WARN_UNINITIALIZED_AUTOS = YES_AGGRESSIVE;
				GCC_WARN_UNUSED_FUNCTION = YES;
				GCC_WARN_UNUSED_VARIABLE = YES;
				IPHONEOS_DEPLOYMENT_TARGET = 11.0;
				MTL_ENABLE_DEBUG_INFO = YES;
				ONLY_ACTIVE_ARCH = YES;
				SDKROOT = iphoneos;
				SWIFT_ACTIVE_COMPILATION_CONDITIONS = DEBUG;
				SWIFT_OPTIMIZATION_LEVEL = "-Onone";
			};
			name = Debug;
		};
		910A81A21FA4DC75001F868A /* Release */ = {
			isa = XCBuildConfiguration;
			buildSettings = {
				ALWAYS_SEARCH_USER_PATHS = NO;
				CLANG_ANALYZER_NONNULL = YES;
				CLANG_ANALYZER_NUMBER_OBJECT_CONVERSION = YES_AGGRESSIVE;
				CLANG_CXX_LANGUAGE_STANDARD = "gnu++14";
				CLANG_CXX_LIBRARY = "libc++";
				CLANG_ENABLE_MODULES = YES;
				CLANG_ENABLE_OBJC_ARC = YES;
				CLANG_WARN_BLOCK_CAPTURE_AUTORELEASING = YES;
				CLANG_WARN_BOOL_CONVERSION = YES;
				CLANG_WARN_COMMA = YES;
				CLANG_WARN_CONSTANT_CONVERSION = YES;
				CLANG_WARN_DEPRECATED_OBJC_IMPLEMENTATIONS = YES;
				CLANG_WARN_DIRECT_OBJC_ISA_USAGE = YES_ERROR;
				CLANG_WARN_DOCUMENTATION_COMMENTS = YES;
				CLANG_WARN_EMPTY_BODY = YES;
				CLANG_WARN_ENUM_CONVERSION = YES;
				CLANG_WARN_INFINITE_RECURSION = YES;
				CLANG_WARN_INT_CONVERSION = YES;
				CLANG_WARN_NON_LITERAL_NULL_CONVERSION = YES;
				CLANG_WARN_OBJC_IMPLICIT_RETAIN_SELF = YES;
				CLANG_WARN_OBJC_LITERAL_CONVERSION = YES;
				CLANG_WARN_OBJC_ROOT_CLASS = YES_ERROR;
				CLANG_WARN_RANGE_LOOP_ANALYSIS = YES;
				CLANG_WARN_STRICT_PROTOTYPES = YES;
				CLANG_WARN_SUSPICIOUS_MOVE = YES;
				CLANG_WARN_UNGUARDED_AVAILABILITY = YES_AGGRESSIVE;
				CLANG_WARN_UNREACHABLE_CODE = YES;
				CLANG_WARN__DUPLICATE_METHOD_MATCH = YES;
				CODE_SIGN_IDENTITY = "iPhone Developer";
				COPY_PHASE_STRIP = NO;
				DEBUG_INFORMATION_FORMAT = "dwarf-with-dsym";
				ENABLE_NS_ASSERTIONS = NO;
				ENABLE_STRICT_OBJC_MSGSEND = YES;
				GCC_C_LANGUAGE_STANDARD = gnu11;
				GCC_NO_COMMON_BLOCKS = YES;
				GCC_WARN_64_TO_32_BIT_CONVERSION = YES;
				GCC_WARN_ABOUT_RETURN_TYPE = YES_ERROR;
				GCC_WARN_UNDECLARED_SELECTOR = YES;
				GCC_WARN_UNINITIALIZED_AUTOS = YES_AGGRESSIVE;
				GCC_WARN_UNUSED_FUNCTION = YES;
				GCC_WARN_UNUSED_VARIABLE = YES;
				IPHONEOS_DEPLOYMENT_TARGET = 11.0;
				MTL_ENABLE_DEBUG_INFO = NO;
				SDKROOT = iphoneos;
				SWIFT_OPTIMIZATION_LEVEL = "-Owholemodule";
				VALIDATE_PRODUCT = YES;
			};
			name = Release;
		};
		910A81A41FA4DC75001F868A /* Debug */ = {
			isa = XCBuildConfiguration;
			buildSettings = {
				ALWAYS_EMBED_SWIFT_STANDARD_LIBRARIES = YES;
				ASSETCATALOG_COMPILER_APPICON_NAME = AppIcon;
				CODE_SIGN_ENTITLEMENTS = Crypto/Crypto.entitlements;
				"CODE_SIGN_IDENTITY[sdk=iphoneos*]" = "iPhone Developer";
				CODE_SIGN_STYLE = Automatic;
				DEVELOPMENT_TEAM = 8CDVPJAQ5Z;
				FRAMEWORK_SEARCH_PATHS = (
					"$(inherited)",
					"$(PROJECT_DIR)",
					"$(PROJECT_DIR)/Carthage/Build/iOS",
					"$(PROJECT_DIR)/Carthage/Build/Mac",
				);
				INFOPLIST_FILE = Crypto/Info.plist;
				LD_RUNPATH_SEARCH_PATHS = "$(inherited) @executable_path/Frameworks";
				PRODUCT_BUNDLE_IDENTIFIER = NavaDrag.CryptoKeychain;
				PRODUCT_NAME = "$(TARGET_NAME)";
				PROVISIONING_PROFILE_SPECIFIER = "";
				SWIFT_DISABLE_SAFETY_CHECKS = NO;
				SWIFT_VERSION = 4.2;
				TARGETED_DEVICE_FAMILY = "1,2";
			};
			name = Debug;
		};
		910A81A51FA4DC75001F868A /* Release */ = {
			isa = XCBuildConfiguration;
			buildSettings = {
				ALWAYS_EMBED_SWIFT_STANDARD_LIBRARIES = YES;
				ASSETCATALOG_COMPILER_APPICON_NAME = AppIcon;
				CODE_SIGN_ENTITLEMENTS = Crypto/Crypto.entitlements;
				"CODE_SIGN_IDENTITY[sdk=iphoneos*]" = "iPhone Developer";
				CODE_SIGN_STYLE = Automatic;
				DEVELOPMENT_TEAM = 8CDVPJAQ5Z;
				FRAMEWORK_SEARCH_PATHS = (
					"$(inherited)",
					"$(PROJECT_DIR)",
					"$(PROJECT_DIR)/Carthage/Build/iOS",
					"$(PROJECT_DIR)/Carthage/Build/Mac",
				);
				INFOPLIST_FILE = Crypto/Info.plist;
				LD_RUNPATH_SEARCH_PATHS = "$(inherited) @executable_path/Frameworks";
				PRODUCT_BUNDLE_IDENTIFIER = NavaDrag.CryptoKeychain;
				PRODUCT_NAME = "$(TARGET_NAME)";
				PROVISIONING_PROFILE_SPECIFIER = "";
				SWIFT_DISABLE_SAFETY_CHECKS = NO;
				SWIFT_VERSION = 4.2;
				TARGETED_DEVICE_FAMILY = "1,2";
			};
			name = Release;
		};
		914B4BB51FC8F7C400968A3E /* Debug */ = {
			isa = XCBuildConfiguration;
			buildSettings = {
				CODE_SIGN_ENTITLEMENTS = "Crypto Widget/Crypto Widget.entitlements";
				CODE_SIGN_STYLE = Automatic;
				DEVELOPMENT_TEAM = 8CDVPJAQ5Z;
				FRAMEWORK_SEARCH_PATHS = (
					"$(inherited)",
					"$(PROJECT_DIR)/Carthage/Build/iOS",
					"$(PROJECT_DIR)",
				);
				INFOPLIST_FILE = "Crypto Widget/Info.plist";
				LD_RUNPATH_SEARCH_PATHS = "$(inherited) @executable_path/Frameworks @executable_path/../../Frameworks";
				PRODUCT_BUNDLE_IDENTIFIER = "NavaDrag.CryptoKeychain.Crypto-Widget";
				PRODUCT_NAME = "$(TARGET_NAME)";
				SKIP_INSTALL = YES;
				SWIFT_VERSION = 4.2;
				TARGETED_DEVICE_FAMILY = "1,2";
			};
			name = Debug;
		};
		914B4BB61FC8F7C400968A3E /* Release */ = {
			isa = XCBuildConfiguration;
			buildSettings = {
				CODE_SIGN_ENTITLEMENTS = "Crypto Widget/Crypto Widget.entitlements";
				CODE_SIGN_STYLE = Automatic;
				DEVELOPMENT_TEAM = 8CDVPJAQ5Z;
				FRAMEWORK_SEARCH_PATHS = (
					"$(inherited)",
					"$(PROJECT_DIR)/Carthage/Build/iOS",
					"$(PROJECT_DIR)",
				);
				INFOPLIST_FILE = "Crypto Widget/Info.plist";
				LD_RUNPATH_SEARCH_PATHS = "$(inherited) @executable_path/Frameworks @executable_path/../../Frameworks";
				PRODUCT_BUNDLE_IDENTIFIER = "NavaDrag.CryptoKeychain.Crypto-Widget";
				PRODUCT_NAME = "$(TARGET_NAME)";
				SKIP_INSTALL = YES;
				SWIFT_VERSION = 4.2;
				TARGETED_DEVICE_FAMILY = "1,2";
			};
			name = Release;
		};
/* End XCBuildConfiguration section */

/* Begin XCConfigurationList section */
		910A818A1FA4DC75001F868A /* Build configuration list for PBXProject "Crypto" */ = {
			isa = XCConfigurationList;
			buildConfigurations = (
				910A81A11FA4DC75001F868A /* Debug */,
				910A81A21FA4DC75001F868A /* Release */,
			);
			defaultConfigurationIsVisible = 0;
			defaultConfigurationName = Release;
		};
		910A81A31FA4DC75001F868A /* Build configuration list for PBXNativeTarget "Crypto" */ = {
			isa = XCConfigurationList;
			buildConfigurations = (
				910A81A41FA4DC75001F868A /* Debug */,
				910A81A51FA4DC75001F868A /* Release */,
			);
			defaultConfigurationIsVisible = 0;
			defaultConfigurationName = Release;
		};
		914B4BB71FC8F7C400968A3E /* Build configuration list for PBXNativeTarget "Crypto Widget" */ = {
			isa = XCConfigurationList;
			buildConfigurations = (
				914B4BB51FC8F7C400968A3E /* Debug */,
				914B4BB61FC8F7C400968A3E /* Release */,
			);
			defaultConfigurationIsVisible = 0;
			defaultConfigurationName = Release;
		};
/* End XCConfigurationList section */
	};
	rootObject = 910A81871FA4DC75001F868A /* Project object */;
}
